// !$*UTF8*$!
{
	archiveVersion = 1;
	classes = {
	};
	objectVersion = 51;
	objects = {

/* Begin PBXBuildFile section */
		98087A6BA8144874C10D28FD /* Pods_GithubRepoApp.framework in Frameworks */ = {isa = PBXBuildFile; fileRef = 8AC33B21E13F3C3ECF9C9297 /* Pods_GithubRepoApp.framework */; };
		FE2D31E02644AAA500D4F6E0 /* SearchDataSource.swift in Sources */ = {isa = PBXBuildFile; fileRef = FE2D31DF2644AAA500D4F6E0 /* SearchDataSource.swift */; };
		FE2D31E32644AAEF00D4F6E0 /* SearchService.swift in Sources */ = {isa = PBXBuildFile; fileRef = FE2D31E22644AAEF00D4F6E0 /* SearchService.swift */; };
		FE2D31E62644AB2900D4F6E0 /* DefaultSearchService.swift in Sources */ = {isa = PBXBuildFile; fileRef = FE2D31E52644AB2900D4F6E0 /* DefaultSearchService.swift */; };
		FE4EB88D2644BF5B0009ABFF /* RepoCellViewModel.swift in Sources */ = {isa = PBXBuildFile; fileRef = FE4EB88C2644BF5B0009ABFF /* RepoCellViewModel.swift */; };
		FE56EB322640AB870094532B /* SearchCoordinator.swift in Sources */ = {isa = PBXBuildFile; fileRef = FE56EB312640AB870094532B /* SearchCoordinator.swift */; };
		FE56EB352640ABBE0094532B /* MainCoordinator.swift in Sources */ = {isa = PBXBuildFile; fileRef = FE56EB342640ABBE0094532B /* MainCoordinator.swift */; };
		FE56EB3A2640AC8F0094532B /* AboutCoordinator.swift in Sources */ = {isa = PBXBuildFile; fileRef = FE56EB392640AC8F0094532B /* AboutCoordinator.swift */; };
		FE56EB3E2640ACBD0094532B /* AboutViewController.swift in Sources */ = {isa = PBXBuildFile; fileRef = FE56EB3C2640ACBD0094532B /* AboutViewController.swift */; };
		FE56EB3F2640ACBD0094532B /* AboutViewController.xib in Resources */ = {isa = PBXBuildFile; fileRef = FE56EB3D2640ACBD0094532B /* AboutViewController.xib */; };
		FE56EB462640C7310094532B /* TabBarScene.swift in Sources */ = {isa = PBXBuildFile; fileRef = FE56EB452640C7310094532B /* TabBarScene.swift */; };
		FE56EB4A2640C7500094532B /* GithubTabBarScene.swift in Sources */ = {isa = PBXBuildFile; fileRef = FE56EB492640C7500094532B /* GithubTabBarScene.swift */; };
		FE56EB4F2640C86D0094532B /* AppColor.swift in Sources */ = {isa = PBXBuildFile; fileRef = FE56EB4E2640C86D0094532B /* AppColor.swift */; };
		FE5DF39A2643747A0057BCCE /* GithubAPI.swift in Sources */ = {isa = PBXBuildFile; fileRef = FE5DF3992643747A0057BCCE /* GithubAPI.swift */; };
		FE5DF39E26437CB90057BCCE /* SearchRepository.swift in Sources */ = {isa = PBXBuildFile; fileRef = FE5DF39D26437CB90057BCCE /* SearchRepository.swift */; };
		FE5DF3A726437FF20057BCCE /* SearchReposResponse.swift in Sources */ = {isa = PBXBuildFile; fileRef = FE5DF3A626437FF20057BCCE /* SearchReposResponse.swift */; };
		FE5EAC8F263F016A00889331 /* SearchViewController.swift in Sources */ = {isa = PBXBuildFile; fileRef = FE5EAC8D263F016A00889331 /* SearchViewController.swift */; };
		FE5EAC90263F016A00889331 /* SearchViewController.xib in Resources */ = {isa = PBXBuildFile; fileRef = FE5EAC8E263F016A00889331 /* SearchViewController.xib */; };
		FE5EAC97263F038000889331 /* Coordinator.swift in Sources */ = {isa = PBXBuildFile; fileRef = FE5EAC96263F038000889331 /* Coordinator.swift */; };
		FE5EAC9A263F099100889331 /* AppCoordinator.swift in Sources */ = {isa = PBXBuildFile; fileRef = FE5EAC99263F099100889331 /* AppCoordinator.swift */; };
		FE7D3C4A2644AF9C0050CB1C /* DefaultSearchDataSource.swift in Sources */ = {isa = PBXBuildFile; fileRef = FE7D3C492644AF9C0050CB1C /* DefaultSearchDataSource.swift */; };
		FE7D3C4D2644B09E0050CB1C /* DefaultSearchRepository.swift in Sources */ = {isa = PBXBuildFile; fileRef = FE7D3C4C2644B09E0050CB1C /* DefaultSearchRepository.swift */; };
		FE7D3C502644B20A0050CB1C /* RepositoryState.swift in Sources */ = {isa = PBXBuildFile; fileRef = FE7D3C4F2644B20A0050CB1C /* RepositoryState.swift */; };
		FE7D3C552644B4530050CB1C /* SearchViewModel.swift in Sources */ = {isa = PBXBuildFile; fileRef = FE7D3C542644B4530050CB1C /* SearchViewModel.swift */; };
		FE7D3C582644B45E0050CB1C /* DefaultSearchViewModel.swift in Sources */ = {isa = PBXBuildFile; fileRef = FE7D3C572644B45E0050CB1C /* DefaultSearchViewModel.swift */; };
		FE7D3C642644BB270050CB1C /* ViewModelBindable.swift in Sources */ = {isa = PBXBuildFile; fileRef = FE7D3C632644BB270050CB1C /* ViewModelBindable.swift */; };
		FEA1FA7F263EE96400D6DD45 /* AppDelegate.swift in Sources */ = {isa = PBXBuildFile; fileRef = FEA1FA7E263EE96400D6DD45 /* AppDelegate.swift */; };
		FEA1FA81263EE96400D6DD45 /* SceneDelegate.swift in Sources */ = {isa = PBXBuildFile; fileRef = FEA1FA80263EE96400D6DD45 /* SceneDelegate.swift */; };
		FEA1FA88263EE96500D6DD45 /* Assets.xcassets in Resources */ = {isa = PBXBuildFile; fileRef = FEA1FA87263EE96500D6DD45 /* Assets.xcassets */; };
		FEA1FA8B263EE96500D6DD45 /* LaunchScreen.storyboard in Resources */ = {isa = PBXBuildFile; fileRef = FEA1FA89263EE96500D6DD45 /* LaunchScreen.storyboard */; };
		FEDA5A542641A5FF005A7AC9 /* Observable.swift in Sources */ = {isa = PBXBuildFile; fileRef = FEDA5A532641A5FF005A7AC9 /* Observable.swift */; };
		FEDA5A582641A691005A7AC9 /* KeychainManager.swift in Sources */ = {isa = PBXBuildFile; fileRef = FEDA5A572641A691005A7AC9 /* KeychainManager.swift */; };
		FEF03B162643823C0048096C /* RepoResponse.swift in Sources */ = {isa = PBXBuildFile; fileRef = FEF03B152643823C0048096C /* RepoResponse.swift */; };
		FEF03B1B264382FC0048096C /* RepoOwnerResponse.swift in Sources */ = {isa = PBXBuildFile; fileRef = FEF03B1A264382FC0048096C /* RepoOwnerResponse.swift */; };
		FEF03B1E264388410048096C /* Repo.swift in Sources */ = {isa = PBXBuildFile; fileRef = FEF03B1D264388400048096C /* Repo.swift */; };
		FEF03B22264388700048096C /* RepoOwner.swift in Sources */ = {isa = PBXBuildFile; fileRef = FEF03B21264388700048096C /* RepoOwner.swift */; };
		FEF03B2626438AE70048096C /* DTOMapper.swift in Sources */ = {isa = PBXBuildFile; fileRef = FEF03B2526438AE70048096C /* DTOMapper.swift */; };
/* End PBXBuildFile section */

/* Begin PBXFileReference section */
		3A665D29EBE60D6745673E6F /* Pods-GithubRepoApp.debug.xcconfig */ = {isa = PBXFileReference; includeInIndex = 1; lastKnownFileType = text.xcconfig; name = "Pods-GithubRepoApp.debug.xcconfig"; path = "Target Support Files/Pods-GithubRepoApp/Pods-GithubRepoApp.debug.xcconfig"; sourceTree = "<group>"; };
		8AC33B21E13F3C3ECF9C9297 /* Pods_GithubRepoApp.framework */ = {isa = PBXFileReference; explicitFileType = wrapper.framework; includeInIndex = 0; path = Pods_GithubRepoApp.framework; sourceTree = BUILT_PRODUCTS_DIR; };
		F3AF706259BBE60E7C2AF9B6 /* Pods-GithubRepoApp.release.xcconfig */ = {isa = PBXFileReference; includeInIndex = 1; lastKnownFileType = text.xcconfig; name = "Pods-GithubRepoApp.release.xcconfig"; path = "Target Support Files/Pods-GithubRepoApp/Pods-GithubRepoApp.release.xcconfig"; sourceTree = "<group>"; };
		FE2D31DF2644AAA500D4F6E0 /* SearchDataSource.swift */ = {isa = PBXFileReference; lastKnownFileType = sourcecode.swift; path = SearchDataSource.swift; sourceTree = "<group>"; };
		FE2D31E22644AAEF00D4F6E0 /* SearchService.swift */ = {isa = PBXFileReference; lastKnownFileType = sourcecode.swift; path = SearchService.swift; sourceTree = "<group>"; };
		FE2D31E52644AB2900D4F6E0 /* DefaultSearchService.swift */ = {isa = PBXFileReference; lastKnownFileType = sourcecode.swift; path = DefaultSearchService.swift; sourceTree = "<group>"; };
		FE4EB88C2644BF5B0009ABFF /* RepoCellViewModel.swift */ = {isa = PBXFileReference; lastKnownFileType = sourcecode.swift; path = RepoCellViewModel.swift; sourceTree = "<group>"; };
		FE56EB312640AB870094532B /* SearchCoordinator.swift */ = {isa = PBXFileReference; lastKnownFileType = sourcecode.swift; path = SearchCoordinator.swift; sourceTree = "<group>"; };
		FE56EB342640ABBE0094532B /* MainCoordinator.swift */ = {isa = PBXFileReference; lastKnownFileType = sourcecode.swift; path = MainCoordinator.swift; sourceTree = "<group>"; };
		FE56EB392640AC8F0094532B /* AboutCoordinator.swift */ = {isa = PBXFileReference; lastKnownFileType = sourcecode.swift; path = AboutCoordinator.swift; sourceTree = "<group>"; };
		FE56EB3C2640ACBD0094532B /* AboutViewController.swift */ = {isa = PBXFileReference; lastKnownFileType = sourcecode.swift; path = AboutViewController.swift; sourceTree = "<group>"; };
		FE56EB3D2640ACBD0094532B /* AboutViewController.xib */ = {isa = PBXFileReference; lastKnownFileType = file.xib; path = AboutViewController.xib; sourceTree = "<group>"; };
		FE56EB452640C7310094532B /* TabBarScene.swift */ = {isa = PBXFileReference; lastKnownFileType = sourcecode.swift; path = TabBarScene.swift; sourceTree = "<group>"; };
		FE56EB492640C7500094532B /* GithubTabBarScene.swift */ = {isa = PBXFileReference; lastKnownFileType = sourcecode.swift; path = GithubTabBarScene.swift; sourceTree = "<group>"; };
		FE56EB4E2640C86D0094532B /* AppColor.swift */ = {isa = PBXFileReference; lastKnownFileType = sourcecode.swift; path = AppColor.swift; sourceTree = "<group>"; };
		FE5DF3992643747A0057BCCE /* GithubAPI.swift */ = {isa = PBXFileReference; lastKnownFileType = sourcecode.swift; path = GithubAPI.swift; sourceTree = "<group>"; };
		FE5DF39D26437CB90057BCCE /* SearchRepository.swift */ = {isa = PBXFileReference; lastKnownFileType = sourcecode.swift; path = SearchRepository.swift; sourceTree = "<group>"; };
		FE5DF3A626437FF20057BCCE /* SearchReposResponse.swift */ = {isa = PBXFileReference; lastKnownFileType = sourcecode.swift; path = SearchReposResponse.swift; sourceTree = "<group>"; };
		FE5EAC8D263F016A00889331 /* SearchViewController.swift */ = {isa = PBXFileReference; lastKnownFileType = sourcecode.swift; path = SearchViewController.swift; sourceTree = "<group>"; };
		FE5EAC8E263F016A00889331 /* SearchViewController.xib */ = {isa = PBXFileReference; lastKnownFileType = file.xib; path = SearchViewController.xib; sourceTree = "<group>"; };
		FE5EAC96263F038000889331 /* Coordinator.swift */ = {isa = PBXFileReference; lastKnownFileType = sourcecode.swift; path = Coordinator.swift; sourceTree = "<group>"; };
		FE5EAC99263F099100889331 /* AppCoordinator.swift */ = {isa = PBXFileReference; lastKnownFileType = sourcecode.swift; path = AppCoordinator.swift; sourceTree = "<group>"; };
		FE7D3C492644AF9C0050CB1C /* DefaultSearchDataSource.swift */ = {isa = PBXFileReference; lastKnownFileType = sourcecode.swift; path = DefaultSearchDataSource.swift; sourceTree = "<group>"; };
		FE7D3C4C2644B09E0050CB1C /* DefaultSearchRepository.swift */ = {isa = PBXFileReference; lastKnownFileType = sourcecode.swift; path = DefaultSearchRepository.swift; sourceTree = "<group>"; };
		FE7D3C4F2644B20A0050CB1C /* RepositoryState.swift */ = {isa = PBXFileReference; lastKnownFileType = sourcecode.swift; path = RepositoryState.swift; sourceTree = "<group>"; };
		FE7D3C542644B4530050CB1C /* SearchViewModel.swift */ = {isa = PBXFileReference; lastKnownFileType = sourcecode.swift; path = SearchViewModel.swift; sourceTree = "<group>"; };
		FE7D3C572644B45E0050CB1C /* DefaultSearchViewModel.swift */ = {isa = PBXFileReference; lastKnownFileType = sourcecode.swift; path = DefaultSearchViewModel.swift; sourceTree = "<group>"; };
		FE7D3C632644BB270050CB1C /* ViewModelBindable.swift */ = {isa = PBXFileReference; lastKnownFileType = sourcecode.swift; path = ViewModelBindable.swift; sourceTree = "<group>"; };
		FEA1FA7B263EE96400D6DD45 /* GithubRepoApp.app */ = {isa = PBXFileReference; explicitFileType = wrapper.application; includeInIndex = 0; path = GithubRepoApp.app; sourceTree = BUILT_PRODUCTS_DIR; };
		FEA1FA7E263EE96400D6DD45 /* AppDelegate.swift */ = {isa = PBXFileReference; lastKnownFileType = sourcecode.swift; path = AppDelegate.swift; sourceTree = "<group>"; };
		FEA1FA80263EE96400D6DD45 /* SceneDelegate.swift */ = {isa = PBXFileReference; lastKnownFileType = sourcecode.swift; path = SceneDelegate.swift; sourceTree = "<group>"; };
		FEA1FA87263EE96500D6DD45 /* Assets.xcassets */ = {isa = PBXFileReference; lastKnownFileType = folder.assetcatalog; path = Assets.xcassets; sourceTree = "<group>"; };
		FEA1FA8A263EE96500D6DD45 /* Base */ = {isa = PBXFileReference; lastKnownFileType = file.storyboard; name = Base; path = Base.lproj/LaunchScreen.storyboard; sourceTree = "<group>"; };
		FEA1FA8C263EE96500D6DD45 /* Info.plist */ = {isa = PBXFileReference; lastKnownFileType = text.plist.xml; path = Info.plist; sourceTree = "<group>"; };
		FEDA5A532641A5FF005A7AC9 /* Observable.swift */ = {isa = PBXFileReference; lastKnownFileType = sourcecode.swift; path = Observable.swift; sourceTree = "<group>"; };
		FEDA5A572641A691005A7AC9 /* KeychainManager.swift */ = {isa = PBXFileReference; lastKnownFileType = sourcecode.swift; path = KeychainManager.swift; sourceTree = "<group>"; };
		FEF03B152643823C0048096C /* RepoResponse.swift */ = {isa = PBXFileReference; lastKnownFileType = sourcecode.swift; path = RepoResponse.swift; sourceTree = "<group>"; };
		FEF03B1A264382FC0048096C /* RepoOwnerResponse.swift */ = {isa = PBXFileReference; lastKnownFileType = sourcecode.swift; path = RepoOwnerResponse.swift; sourceTree = "<group>"; };
		FEF03B1D264388400048096C /* Repo.swift */ = {isa = PBXFileReference; lastKnownFileType = sourcecode.swift; path = Repo.swift; sourceTree = "<group>"; };
		FEF03B21264388700048096C /* RepoOwner.swift */ = {isa = PBXFileReference; lastKnownFileType = sourcecode.swift; path = RepoOwner.swift; sourceTree = "<group>"; };
		FEF03B2526438AE70048096C /* DTOMapper.swift */ = {isa = PBXFileReference; lastKnownFileType = sourcecode.swift; path = DTOMapper.swift; sourceTree = "<group>"; };
/* End PBXFileReference section */

/* Begin PBXFrameworksBuildPhase section */
		FEA1FA78263EE96400D6DD45 /* Frameworks */ = {
			isa = PBXFrameworksBuildPhase;
			buildActionMask = 2147483647;
			files = (
				98087A6BA8144874C10D28FD /* Pods_GithubRepoApp.framework in Frameworks */,
			);
			runOnlyForDeploymentPostprocessing = 0;
		};
/* End PBXFrameworksBuildPhase section */

/* Begin PBXGroup section */
		371A9B03D57A953993687BD8 /* Frameworks */ = {
			isa = PBXGroup;
			children = (
				8AC33B21E13F3C3ECF9C9297 /* Pods_GithubRepoApp.framework */,
			);
			name = Frameworks;
			sourceTree = "<group>";
		};
		88389686AA178EBA256B8E16 /* Pods */ = {
			isa = PBXGroup;
			children = (
				3A665D29EBE60D6745673E6F /* Pods-GithubRepoApp.debug.xcconfig */,
				F3AF706259BBE60E7C2AF9B6 /* Pods-GithubRepoApp.release.xcconfig */,
			);
			path = Pods;
			sourceTree = "<group>";
		};
		FE56EB302640AA070094532B /* Main */ = {
			isa = PBXGroup;
			children = (
				FE56EB342640ABBE0094532B /* MainCoordinator.swift */,
			);
			path = Main;
			sourceTree = "<group>";
		};
		FE56EB372640ABF80094532B /* About */ = {
			isa = PBXGroup;
			children = (
				FE56EB392640AC8F0094532B /* AboutCoordinator.swift */,
				FE56EB3C2640ACBD0094532B /* AboutViewController.swift */,
				FE56EB3D2640ACBD0094532B /* AboutViewController.xib */,
			);
			path = About;
			sourceTree = "<group>";
		};
		FE56EB422640C6FD0094532B /* AppColor */ = {
			isa = PBXGroup;
			children = (
				FE56EB4E2640C86D0094532B /* AppColor.swift */,
			);
			path = AppColor;
			sourceTree = "<group>";
		};
		FE56EB432640C70C0094532B /* AppConfig */ = {
			isa = PBXGroup;
			children = (
				FE56EB442640C7260094532B /* TabBarScene */,
			);
			path = AppConfig;
			sourceTree = "<group>";
		};
		FE56EB442640C7260094532B /* TabBarScene */ = {
			isa = PBXGroup;
			children = (
				FE56EB452640C7310094532B /* TabBarScene.swift */,
				FE56EB492640C7500094532B /* GithubTabBarScene.swift */,
			);
			path = TabBarScene;
			sourceTree = "<group>";
		};
		FE5DF39C26437C930057BCCE /* Repository */ = {
			isa = PBXGroup;
			children = (
				FE5DF3A226437ED60057BCCE /* Search */,
				FE7D3C4F2644B20A0050CB1C /* RepositoryState.swift */,
			);
			path = Repository;
			sourceTree = "<group>";
		};
		FE5DF3A126437E600057BCCE /* Service */ = {
			isa = PBXGroup;
			children = (
				FE5DF3A526437F750057BCCE /* Search */,
			);
			path = Service;
			sourceTree = "<group>";
		};
		FE5DF3A226437ED60057BCCE /* Search */ = {
			isa = PBXGroup;
			children = (
				FE5DF39D26437CB90057BCCE /* SearchRepository.swift */,
				FE7D3C4C2644B09E0050CB1C /* DefaultSearchRepository.swift */,
			);
			path = Search;
			sourceTree = "<group>";
		};
		FE5DF3A326437F5E0057BCCE /* DataSource */ = {
			isa = PBXGroup;
			children = (
				FE5DF3A426437F6D0057BCCE /* Search */,
			);
			path = DataSource;
			sourceTree = "<group>";
		};
		FE5DF3A426437F6D0057BCCE /* Search */ = {
			isa = PBXGroup;
			children = (
				FE2D31DF2644AAA500D4F6E0 /* SearchDataSource.swift */,
				FE7D3C492644AF9C0050CB1C /* DefaultSearchDataSource.swift */,
			);
			path = Search;
			sourceTree = "<group>";
		};
		FE5DF3A526437F750057BCCE /* Search */ = {
			isa = PBXGroup;
			children = (
				FE2D31E22644AAEF00D4F6E0 /* SearchService.swift */,
				FE2D31E52644AB2900D4F6E0 /* DefaultSearchService.swift */,
			);
			path = Search;
			sourceTree = "<group>";
		};
		FE5DF3AA264380920057BCCE /* Request */ = {
			isa = PBXGroup;
			children = (
			);
			path = Request;
			sourceTree = "<group>";
		};
		FE5DF3AB2643809A0057BCCE /* Response */ = {
			isa = PBXGroup;
			children = (
				FE5DF3A626437FF20057BCCE /* SearchReposResponse.swift */,
				FEF03B152643823C0048096C /* RepoResponse.swift */,
				FEF03B1A264382FC0048096C /* RepoOwnerResponse.swift */,
			);
			path = Response;
			sourceTree = "<group>";
		};
		FE5EAC84263EF44400889331 /* Common */ = {
			isa = PBXGroup;
			children = (
				FEDA5A562641A677005A7AC9 /* Manager */,
				FE56EB432640C70C0094532B /* AppConfig */,
				FE56EB422640C6FD0094532B /* AppColor */,
				FE5EAC8A263F003200889331 /* Coordinator */,
				FEDA5A532641A5FF005A7AC9 /* Observable.swift */,
				FE7D3C632644BB270050CB1C /* ViewModelBindable.swift */,
			);
			path = Common;
			sourceTree = "<group>";
		};
		FE5EAC85263EF45300889331 /* Application */ = {
			isa = PBXGroup;
			children = (
				FE5EAC99263F099100889331 /* AppCoordinator.swift */,
				FEA1FA7E263EE96400D6DD45 /* AppDelegate.swift */,
				FEA1FA80263EE96400D6DD45 /* SceneDelegate.swift */,
			);
			path = Application;
			sourceTree = "<group>";
		};
		FE5EAC86263EF8C200889331 /* Resource */ = {
			isa = PBXGroup;
			children = (
				FEA1FA87263EE96500D6DD45 /* Assets.xcassets */,
			);
			path = Resource;
			sourceTree = "<group>";
		};
		FE5EAC88263EFF4100889331 /* Scene */ = {
			isa = PBXGroup;
			children = (
				FEA1FA89263EE96500D6DD45 /* LaunchScreen.storyboard */,
				FE56EB372640ABF80094532B /* About */,
				FE56EB302640AA070094532B /* Main */,
				FE5EAC92263F029D00889331 /* Search */,
			);
			path = Scene;
			sourceTree = "<group>";
		};
		FE5EAC8A263F003200889331 /* Coordinator */ = {
			isa = PBXGroup;
			children = (
				FE5EAC96263F038000889331 /* Coordinator.swift */,
			);
			path = Coordinator;
			sourceTree = "<group>";
		};
		FE5EAC92263F029D00889331 /* Search */ = {
			isa = PBXGroup;
			children = (
				FE56EB312640AB870094532B /* SearchCoordinator.swift */,
				FE7D3C532644B4490050CB1C /* ViewModel */,
				FE7D3C522644B4450050CB1C /* View */,
			);
			path = Search;
			sourceTree = "<group>";
		};
		FE5EAC9D263F0A4600889331 /* Extension */ = {
			isa = PBXGroup;
			children = (
			);
			path = Extension;
			sourceTree = "<group>";
		};
		FE5EAC9E263F0A4D00889331 /* Model */ = {
			isa = PBXGroup;
			children = (
				FEF03B1D264388400048096C /* Repo.swift */,
				FEF03B21264388700048096C /* RepoOwner.swift */,
			);
			path = Model;
			sourceTree = "<group>";
		};
		FE5EAC9F263F0A5900889331 /* Data */ = {
			isa = PBXGroup;
			children = (
				FE5DF39C26437C930057BCCE /* Repository */,
				FE5DF3A326437F5E0057BCCE /* DataSource */,
				FE5DF3A126437E600057BCCE /* Service */,
				FEB39000264093B500E4847B /* API */,
				FEB38FFF264093AE00E4847B /* DTO */,
			);
			path = Data;
			sourceTree = "<group>";
		};
		FE7D3C522644B4450050CB1C /* View */ = {
			isa = PBXGroup;
			children = (
				FE5EAC8D263F016A00889331 /* SearchViewController.swift */,
				FE5EAC8E263F016A00889331 /* SearchViewController.xib */,
			);
			path = View;
			sourceTree = "<group>";
		};
		FE7D3C532644B4490050CB1C /* ViewModel */ = {
			isa = PBXGroup;
			children = (
				FE7D3C542644B4530050CB1C /* SearchViewModel.swift */,
				FE7D3C572644B45E0050CB1C /* DefaultSearchViewModel.swift */,
				FE4EB88C2644BF5B0009ABFF /* RepoCellViewModel.swift */,
			);
			path = ViewModel;
			sourceTree = "<group>";
		};
		FEA1FA72263EE96400D6DD45 = {
			isa = PBXGroup;
			children = (
				FEA1FA7D263EE96400D6DD45 /* GithubRepoApp */,
				FEA1FA7C263EE96400D6DD45 /* Products */,
				88389686AA178EBA256B8E16 /* Pods */,
				371A9B03D57A953993687BD8 /* Frameworks */,
			);
			sourceTree = "<group>";
		};
		FEA1FA7C263EE96400D6DD45 /* Products */ = {
			isa = PBXGroup;
			children = (
				FEA1FA7B263EE96400D6DD45 /* GithubRepoApp.app */,
			);
			name = Products;
			sourceTree = "<group>";
		};
		FEA1FA7D263EE96400D6DD45 /* GithubRepoApp */ = {
			isa = PBXGroup;
			children = (
				FE5EAC85263EF45300889331 /* Application */,
				FE5EAC88263EFF4100889331 /* Scene */,
				FE5EAC84263EF44400889331 /* Common */,
				FE5EAC9D263F0A4600889331 /* Extension */,
				FE5EAC9E263F0A4D00889331 /* Model */,
				FE5EAC9F263F0A5900889331 /* Data */,
				FE5EAC86263EF8C200889331 /* Resource */,
				FEA1FA8C263EE96500D6DD45 /* Info.plist */,
			);
			path = GithubRepoApp;
			sourceTree = "<group>";
		};
		FEB38FFF264093AE00E4847B /* DTO */ = {
			isa = PBXGroup;
			children = (
				FE5DF3AA264380920057BCCE /* Request */,
				FE5DF3AB2643809A0057BCCE /* Response */,
				FEF03B2526438AE70048096C /* DTOMapper.swift */,
			);
			path = DTO;
			sourceTree = "<group>";
		};
		FEB39000264093B500E4847B /* API */ = {
			isa = PBXGroup;
			children = (
				FE5DF3992643747A0057BCCE /* GithubAPI.swift */,
			);
			path = API;
			sourceTree = "<group>";
		};
		FEDA5A562641A677005A7AC9 /* Manager */ = {
			isa = PBXGroup;
			children = (
				FEDA5A572641A691005A7AC9 /* KeychainManager.swift */,
			);
			path = Manager;
			sourceTree = "<group>";
		};
/* End PBXGroup section */

/* Begin PBXNativeTarget section */
		FEA1FA7A263EE96400D6DD45 /* GithubRepoApp */ = {
			isa = PBXNativeTarget;
			buildConfigurationList = FEA1FA8F263EE96500D6DD45 /* Build configuration list for PBXNativeTarget "GithubRepoApp" */;
			buildPhases = (
				02B2E6831DA28E623204CBAF /* [CP] Check Pods Manifest.lock */,
				FEA1FA77263EE96400D6DD45 /* Sources */,
				FEA1FA78263EE96400D6DD45 /* Frameworks */,
				FEA1FA79263EE96400D6DD45 /* Resources */,
				22F75FF261366A251A1977B8 /* [CP] Embed Pods Frameworks */,
			);
			buildRules = (
			);
			dependencies = (
			);
			name = GithubRepoApp;
			productName = GithubRepoApp;
			productReference = FEA1FA7B263EE96400D6DD45 /* GithubRepoApp.app */;
			productType = "com.apple.product-type.application";
		};
/* End PBXNativeTarget section */

/* Begin PBXProject section */
		FEA1FA73263EE96400D6DD45 /* Project object */ = {
			isa = PBXProject;
			attributes = {
				LastSwiftUpdateCheck = 1240;
				LastUpgradeCheck = 1240;
				TargetAttributes = {
					FEA1FA7A263EE96400D6DD45 = {
						CreatedOnToolsVersion = 12.4;
					};
				};
			};
			buildConfigurationList = FEA1FA76263EE96400D6DD45 /* Build configuration list for PBXProject "GithubRepoApp" */;
			compatibilityVersion = "Xcode 9.3";
			developmentRegion = en;
			hasScannedForEncodings = 0;
			knownRegions = (
				en,
				Base,
			);
			mainGroup = FEA1FA72263EE96400D6DD45;
			productRefGroup = FEA1FA7C263EE96400D6DD45 /* Products */;
			projectDirPath = "";
			projectRoot = "";
			targets = (
				FEA1FA7A263EE96400D6DD45 /* GithubRepoApp */,
			);
		};
/* End PBXProject section */

/* Begin PBXResourcesBuildPhase section */
		FEA1FA79263EE96400D6DD45 /* Resources */ = {
			isa = PBXResourcesBuildPhase;
			buildActionMask = 2147483647;
			files = (
				FEA1FA8B263EE96500D6DD45 /* LaunchScreen.storyboard in Resources */,
				FEA1FA88263EE96500D6DD45 /* Assets.xcassets in Resources */,
				FE56EB3F2640ACBD0094532B /* AboutViewController.xib in Resources */,
				FE5EAC90263F016A00889331 /* SearchViewController.xib in Resources */,
			);
			runOnlyForDeploymentPostprocessing = 0;
		};
/* End PBXResourcesBuildPhase section */

/* Begin PBXShellScriptBuildPhase section */
		02B2E6831DA28E623204CBAF /* [CP] Check Pods Manifest.lock */ = {
			isa = PBXShellScriptBuildPhase;
			buildActionMask = 2147483647;
			files = (
			);
			inputFileListPaths = (
			);
			inputPaths = (
				"${PODS_PODFILE_DIR_PATH}/Podfile.lock",
				"${PODS_ROOT}/Manifest.lock",
			);
			name = "[CP] Check Pods Manifest.lock";
			outputFileListPaths = (
			);
			outputPaths = (
				"$(DERIVED_FILE_DIR)/Pods-GithubRepoApp-checkManifestLockResult.txt",
			);
			runOnlyForDeploymentPostprocessing = 0;
			shellPath = /bin/sh;
			shellScript = "diff \"${PODS_PODFILE_DIR_PATH}/Podfile.lock\" \"${PODS_ROOT}/Manifest.lock\" > /dev/null\nif [ $? != 0 ] ; then\n    # print error to STDERR\n    echo \"error: The sandbox is not in sync with the Podfile.lock. Run 'pod install' or update your CocoaPods installation.\" >&2\n    exit 1\nfi\n# This output is used by Xcode 'outputs' to avoid re-running this script phase.\necho \"SUCCESS\" > \"${SCRIPT_OUTPUT_FILE_0}\"\n";
			showEnvVarsInLog = 0;
		};
		22F75FF261366A251A1977B8 /* [CP] Embed Pods Frameworks */ = {
			isa = PBXShellScriptBuildPhase;
			buildActionMask = 2147483647;
			files = (
			);
			inputFileListPaths = (
				"${PODS_ROOT}/Target Support Files/Pods-GithubRepoApp/Pods-GithubRepoApp-frameworks-${CONFIGURATION}-input-files.xcfilelist",
			);
			name = "[CP] Embed Pods Frameworks";
			outputFileListPaths = (
				"${PODS_ROOT}/Target Support Files/Pods-GithubRepoApp/Pods-GithubRepoApp-frameworks-${CONFIGURATION}-output-files.xcfilelist",
			);
			runOnlyForDeploymentPostprocessing = 0;
			shellPath = /bin/sh;
			shellScript = "\"${PODS_ROOT}/Target Support Files/Pods-GithubRepoApp/Pods-GithubRepoApp-frameworks.sh\"\n";
			showEnvVarsInLog = 0;
		};
/* End PBXShellScriptBuildPhase section */

/* Begin PBXSourcesBuildPhase section */
		FEA1FA77263EE96400D6DD45 /* Sources */ = {
			isa = PBXSourcesBuildPhase;
			buildActionMask = 2147483647;
			files = (
				FE7D3C642644BB270050CB1C /* ViewModelBindable.swift in Sources */,
				FEDA5A542641A5FF005A7AC9 /* Observable.swift in Sources */,
				FE5DF39A2643747A0057BCCE /* GithubAPI.swift in Sources */,
				FE7D3C4A2644AF9C0050CB1C /* DefaultSearchDataSource.swift in Sources */,
				FE2D31E62644AB2900D4F6E0 /* DefaultSearchService.swift in Sources */,
				FE56EB3A2640AC8F0094532B /* AboutCoordinator.swift in Sources */,
				FE5EAC9A263F099100889331 /* AppCoordinator.swift in Sources */,
				FEF03B162643823C0048096C /* RepoResponse.swift in Sources */,
				FE56EB352640ABBE0094532B /* MainCoordinator.swift in Sources */,
				FE56EB3E2640ACBD0094532B /* AboutViewController.swift in Sources */,
				FEF03B1E264388410048096C /* Repo.swift in Sources */,
				FE56EB462640C7310094532B /* TabBarScene.swift in Sources */,
				FE5DF39E26437CB90057BCCE /* SearchRepository.swift in Sources */,
				FE56EB4F2640C86D0094532B /* AppColor.swift in Sources */,
				FE5EAC8F263F016A00889331 /* SearchViewController.swift in Sources */,
				FEF03B22264388700048096C /* RepoOwner.swift in Sources */,
				FEA1FA7F263EE96400D6DD45 /* AppDelegate.swift in Sources */,
				FEDA5A582641A691005A7AC9 /* KeychainManager.swift in Sources */,
				FE7D3C4D2644B09E0050CB1C /* DefaultSearchRepository.swift in Sources */,
				FE7D3C552644B4530050CB1C /* SearchViewModel.swift in Sources */,
				FE4EB88D2644BF5B0009ABFF /* RepoCellViewModel.swift in Sources */,
				FEF03B1B264382FC0048096C /* RepoOwnerResponse.swift in Sources */,
				FEF03B2626438AE70048096C /* DTOMapper.swift in Sources */,
				FE5DF3A726437FF20057BCCE /* SearchReposResponse.swift in Sources */,
				FE2D31E02644AAA500D4F6E0 /* SearchDataSource.swift in Sources */,
				FE5EAC97263F038000889331 /* Coordinator.swift in Sources */,
				FE56EB322640AB870094532B /* SearchCoordinator.swift in Sources */,
				FE2D31E32644AAEF00D4F6E0 /* SearchService.swift in Sources */,
				FE7D3C582644B45E0050CB1C /* DefaultSearchViewModel.swift in Sources */,
				FE7D3C502644B20A0050CB1C /* RepositoryState.swift in Sources */,
				FE56EB4A2640C7500094532B /* GithubTabBarScene.swift in Sources */,
				FEA1FA81263EE96400D6DD45 /* SceneDelegate.swift in Sources */,
			);
			runOnlyForDeploymentPostprocessing = 0;
		};
/* End PBXSourcesBuildPhase section */

/* Begin PBXVariantGroup section */
		FEA1FA89263EE96500D6DD45 /* LaunchScreen.storyboard */ = {
			isa = PBXVariantGroup;
			children = (
				FEA1FA8A263EE96500D6DD45 /* Base */,
			);
			name = LaunchScreen.storyboard;
			sourceTree = "<group>";
		};
/* End PBXVariantGroup section */

/* Begin XCBuildConfiguration section */
		FEA1FA8D263EE96500D6DD45 /* Debug */ = {
			isa = XCBuildConfiguration;
			buildSettings = {
				ALWAYS_SEARCH_USER_PATHS = NO;
				CLANG_ANALYZER_NONNULL = YES;
				CLANG_ANALYZER_NUMBER_OBJECT_CONVERSION = YES_AGGRESSIVE;
				CLANG_CXX_LANGUAGE_STANDARD = "gnu++14";
				CLANG_CXX_LIBRARY = "libc++";
				CLANG_ENABLE_MODULES = YES;
				CLANG_ENABLE_OBJC_ARC = YES;
				CLANG_ENABLE_OBJC_WEAK = YES;
				CLANG_WARN_BLOCK_CAPTURE_AUTORELEASING = YES;
				CLANG_WARN_BOOL_CONVERSION = YES;
				CLANG_WARN_COMMA = YES;
				CLANG_WARN_CONSTANT_CONVERSION = YES;
				CLANG_WARN_DEPRECATED_OBJC_IMPLEMENTATIONS = YES;
				CLANG_WARN_DIRECT_OBJC_ISA_USAGE = YES_ERROR;
				CLANG_WARN_DOCUMENTATION_COMMENTS = YES;
				CLANG_WARN_EMPTY_BODY = YES;
				CLANG_WARN_ENUM_CONVERSION = YES;
				CLANG_WARN_INFINITE_RECURSION = YES;
				CLANG_WARN_INT_CONVERSION = YES;
				CLANG_WARN_NON_LITERAL_NULL_CONVERSION = YES;
				CLANG_WARN_OBJC_IMPLICIT_RETAIN_SELF = YES;
				CLANG_WARN_OBJC_LITERAL_CONVERSION = YES;
				CLANG_WARN_OBJC_ROOT_CLASS = YES_ERROR;
				CLANG_WARN_QUOTED_INCLUDE_IN_FRAMEWORK_HEADER = YES;
				CLANG_WARN_RANGE_LOOP_ANALYSIS = YES;
				CLANG_WARN_STRICT_PROTOTYPES = YES;
				CLANG_WARN_SUSPICIOUS_MOVE = YES;
				CLANG_WARN_UNGUARDED_AVAILABILITY = YES_AGGRESSIVE;
				CLANG_WARN_UNREACHABLE_CODE = YES;
				CLANG_WARN__DUPLICATE_METHOD_MATCH = YES;
				COPY_PHASE_STRIP = NO;
				DEBUG_INFORMATION_FORMAT = dwarf;
				ENABLE_STRICT_OBJC_MSGSEND = YES;
				ENABLE_TESTABILITY = YES;
				GCC_C_LANGUAGE_STANDARD = gnu11;
				GCC_DYNAMIC_NO_PIC = NO;
				GCC_NO_COMMON_BLOCKS = YES;
				GCC_OPTIMIZATION_LEVEL = 0;
				GCC_PREPROCESSOR_DEFINITIONS = (
					"DEBUG=1",
					"$(inherited)",
				);
				GCC_WARN_64_TO_32_BIT_CONVERSION = YES;
				GCC_WARN_ABOUT_RETURN_TYPE = YES_ERROR;
				GCC_WARN_UNDECLARED_SELECTOR = YES;
				GCC_WARN_UNINITIALIZED_AUTOS = YES_AGGRESSIVE;
				GCC_WARN_UNUSED_FUNCTION = YES;
				GCC_WARN_UNUSED_VARIABLE = YES;
				IPHONEOS_DEPLOYMENT_TARGET = 14.4;
				MTL_ENABLE_DEBUG_INFO = INCLUDE_SOURCE;
				MTL_FAST_MATH = YES;
				ONLY_ACTIVE_ARCH = YES;
				SDKROOT = iphoneos;
				SWIFT_ACTIVE_COMPILATION_CONDITIONS = DEBUG;
				SWIFT_OPTIMIZATION_LEVEL = "-Onone";
			};
			name = Debug;
		};
		FEA1FA8E263EE96500D6DD45 /* Release */ = {
			isa = XCBuildConfiguration;
			buildSettings = {
				ALWAYS_SEARCH_USER_PATHS = NO;
				CLANG_ANALYZER_NONNULL = YES;
				CLANG_ANALYZER_NUMBER_OBJECT_CONVERSION = YES_AGGRESSIVE;
				CLANG_CXX_LANGUAGE_STANDARD = "gnu++14";
				CLANG_CXX_LIBRARY = "libc++";
				CLANG_ENABLE_MODULES = YES;
				CLANG_ENABLE_OBJC_ARC = YES;
				CLANG_ENABLE_OBJC_WEAK = YES;
				CLANG_WARN_BLOCK_CAPTURE_AUTORELEASING = YES;
				CLANG_WARN_BOOL_CONVERSION = YES;
				CLANG_WARN_COMMA = YES;
				CLANG_WARN_CONSTANT_CONVERSION = YES;
				CLANG_WARN_DEPRECATED_OBJC_IMPLEMENTATIONS = YES;
				CLANG_WARN_DIRECT_OBJC_ISA_USAGE = YES_ERROR;
				CLANG_WARN_DOCUMENTATION_COMMENTS = YES;
				CLANG_WARN_EMPTY_BODY = YES;
				CLANG_WARN_ENUM_CONVERSION = YES;
				CLANG_WARN_INFINITE_RECURSION = YES;
				CLANG_WARN_INT_CONVERSION = YES;
				CLANG_WARN_NON_LITERAL_NULL_CONVERSION = YES;
				CLANG_WARN_OBJC_IMPLICIT_RETAIN_SELF = YES;
				CLANG_WARN_OBJC_LITERAL_CONVERSION = YES;
				CLANG_WARN_OBJC_ROOT_CLASS = YES_ERROR;
				CLANG_WARN_QUOTED_INCLUDE_IN_FRAMEWORK_HEADER = YES;
				CLANG_WARN_RANGE_LOOP_ANALYSIS = YES;
				CLANG_WARN_STRICT_PROTOTYPES = YES;
				CLANG_WARN_SUSPICIOUS_MOVE = YES;
				CLANG_WARN_UNGUARDED_AVAILABILITY = YES_AGGRESSIVE;
				CLANG_WARN_UNREACHABLE_CODE = YES;
				CLANG_WARN__DUPLICATE_METHOD_MATCH = YES;
				COPY_PHASE_STRIP = NO;
				DEBUG_INFORMATION_FORMAT = "dwarf-with-dsym";
				ENABLE_NS_ASSERTIONS = NO;
				ENABLE_STRICT_OBJC_MSGSEND = YES;
				GCC_C_LANGUAGE_STANDARD = gnu11;
				GCC_NO_COMMON_BLOCKS = YES;
				GCC_WARN_64_TO_32_BIT_CONVERSION = YES;
				GCC_WARN_ABOUT_RETURN_TYPE = YES_ERROR;
				GCC_WARN_UNDECLARED_SELECTOR = YES;
				GCC_WARN_UNINITIALIZED_AUTOS = YES_AGGRESSIVE;
				GCC_WARN_UNUSED_FUNCTION = YES;
				GCC_WARN_UNUSED_VARIABLE = YES;
				IPHONEOS_DEPLOYMENT_TARGET = 14.4;
				MTL_ENABLE_DEBUG_INFO = NO;
				MTL_FAST_MATH = YES;
				SDKROOT = iphoneos;
				SWIFT_COMPILATION_MODE = wholemodule;
				SWIFT_OPTIMIZATION_LEVEL = "-O";
				VALIDATE_PRODUCT = YES;
			};
			name = Release;
		};
		FEA1FA90263EE96500D6DD45 /* Debug */ = {
			isa = XCBuildConfiguration;
			baseConfigurationReference = 3A665D29EBE60D6745673E6F /* Pods-GithubRepoApp.debug.xcconfig */;
			buildSettings = {
				ASSETCATALOG_COMPILER_APPICON_NAME = AppIcon;
				ASSETCATALOG_COMPILER_GLOBAL_ACCENT_COLOR_NAME = AccentColor;
				CODE_SIGN_STYLE = Automatic;
				DEVELOPMENT_TEAM = 3TBYKSQUS6;
				INFOPLIST_FILE = GithubRepoApp/Info.plist;
				LD_RUNPATH_SEARCH_PATHS = (
					"$(inherited)",
					"@executable_path/Frameworks",
				);
				PRODUCT_BUNDLE_IDENTIFIER = com.limatheusm.GithubRepoApp;
				PRODUCT_NAME = "$(TARGET_NAME)";
				SWIFT_VERSION = 5.0;
				TARGETED_DEVICE_FAMILY = "1,2";
			};
			name = Debug;
		};
		FEA1FA91263EE96500D6DD45 /* Release */ = {
			isa = XCBuildConfiguration;
			baseConfigurationReference = F3AF706259BBE60E7C2AF9B6 /* Pods-GithubRepoApp.release.xcconfig */;
			buildSettings = {
				ASSETCATALOG_COMPILER_APPICON_NAME = AppIcon;
				ASSETCATALOG_COMPILER_GLOBAL_ACCENT_COLOR_NAME = AccentColor;
				CODE_SIGN_STYLE = Automatic;
				DEVELOPMENT_TEAM = 3TBYKSQUS6;
				INFOPLIST_FILE = GithubRepoApp/Info.plist;
				LD_RUNPATH_SEARCH_PATHS = (
					"$(inherited)",
					"@executable_path/Frameworks",
				);
				PRODUCT_BUNDLE_IDENTIFIER = com.limatheusm.GithubRepoApp;
				PRODUCT_NAME = "$(TARGET_NAME)";
				SWIFT_VERSION = 5.0;
				TARGETED_DEVICE_FAMILY = "1,2";
			};
			name = Release;
		};
/* End XCBuildConfiguration section */

/* Begin XCConfigurationList section */
		FEA1FA76263EE96400D6DD45 /* Build configuration list for PBXProject "GithubRepoApp" */ = {
			isa = XCConfigurationList;
			buildConfigurations = (
				FEA1FA8D263EE96500D6DD45 /* Debug */,
				FEA1FA8E263EE96500D6DD45 /* Release */,
			);
			defaultConfigurationIsVisible = 0;
			defaultConfigurationName = Release;
		};
		FEA1FA8F263EE96500D6DD45 /* Build configuration list for PBXNativeTarget "GithubRepoApp" */ = {
			isa = XCConfigurationList;
			buildConfigurations = (
				FEA1FA90263EE96500D6DD45 /* Debug */,
				FEA1FA91263EE96500D6DD45 /* Release */,
			);
			defaultConfigurationIsVisible = 0;
			defaultConfigurationName = Release;
		};
/* End XCConfigurationList section */
	};
	rootObject = FEA1FA73263EE96400D6DD45 /* Project object */;
}
